PODS:
  - ActionSheetPicker-3.0 (2.0.3)
  - AFNetworking (2.6.1):
    - AFNetworking/NSURLConnection (= 2.6.1)
    - AFNetworking/NSURLSession (= 2.6.1)
    - AFNetworking/Reachability (= 2.6.1)
    - AFNetworking/Security (= 2.6.1)
    - AFNetworking/Serialization (= 2.6.1)
    - AFNetworking/UIKit (= 2.6.1)
  - AFNetworking/NSURLConnection (2.6.1):
    - AFNetworking/Reachability
    - AFNetworking/Security
    - AFNetworking/Serialization
  - AFNetworking/NSURLSession (2.6.1):
    - AFNetworking/Reachability
    - AFNetworking/Security
    - AFNetworking/Serialization
  - AFNetworking/Reachability (2.6.1)
  - AFNetworking/Security (2.6.1)
  - AFNetworking/Serialization (2.6.1)
  - AFNetworking/UIKit (2.6.1):
    - AFNetworking/NSURLConnection
    - AFNetworking/NSURLSession
  - Aspects (1.4.1)
  - BlocksKit (2.2.5):
    - BlocksKit/All (= 2.2.5)
  - BlocksKit/All (2.2.5):
    - BlocksKit/Core
    - BlocksKit/DynamicDelegate
    - BlocksKit/MessageUI
    - BlocksKit/UIKit
  - BlocksKit/Core (2.2.5)
  - BlocksKit/DynamicDelegate (2.2.5)
  - BlocksKit/MessageUI (2.2.5):
    - BlocksKit/Core
    - BlocksKit/DynamicDelegate
  - BlocksKit/UIKit (2.2.5):
    - BlocksKit/Core
    - BlocksKit/DynamicDelegate
  - HexColors (2.2.1)
  - Masonry (0.6.3)
  - MJRefresh (2.4.12)
  - OpenSSL (1.0.204.1)
  - RESideMenu (4.0.7)
  - SDWebImage (3.7.3):
    - SDWebImage/Core (= 3.7.3)
  - SDWebImage/Core (3.7.3)
  - SFHFKeychainUtils (0.0.1)
  - TPKeyboardAvoiding (1.2.10)
  - TSMessages (0.9.12):
    - HexColors (~> 2.2.0)
  - UIImage-Helpers (0.0.3)

DEPENDENCIES:
  - ActionSheetPicker-3.0 (~> 2.0.3)
  - AFNetworking (~> 2.6.1)
  - Aspects (~> 1.4.1)
  - BlocksKit (~> 2.2.5)
  - Masonry (~> 0.6.3)
  - MJRefresh (~> 2.4.12)
  - OpenSSL (~> 1.0.204.1)
  - RESideMenu (~> 4.0.7)
  - SDWebImage (~> 3.7.3)
  - SFHFKeychainUtils (~> 0.0.1)
  - TPKeyboardAvoiding (~> 1.2.10)
  - TSMessages (~> 0.9.12)
  - UIImage-Helpers (~> 0.0.3)

SPEC CHECKSUMS:
  ActionSheetPicker-3.0: 11f2053085d3088dc1ef9d38a9f11c18b528dd9e
  AFNetworking: 8e4e60500beb8bec644cf575beee72990a76d399
  Aspects: 7595ba96a6727a58ebcbfc954497fc5d2fdde546
  BlocksKit: 7f422b971407001178d181a43b99014ea2591fe6
  HexColors: abfd172e329dab59888614ccba6f216cec59289d
  Masonry: ff105a956abcd19a618b2028b121cb638d7a8e2f
  MJRefresh: ca8e9589895977df32d379d46e6b8a5450b3ff44
  OpenSSL: 7f853fcada78e5162c2183b4d90ebbd0aa02f5ac
  RESideMenu: f24c508404b49c667344c54aba7e590883533958
  SDWebImage: 1d2b1a1efda1ade1b00b6f8498865f8ddedc8a84
  SFHFKeychainUtils: 9576b411a79a058f4d5381ace6f3242b9a62e664
  TPKeyboardAvoiding: 614ebec846ec28b83d548769297fa5fb56468904
  TSMessages: c8cc7b80f2a833af533872cd02010cac061532cc
  UIImage-Helpers: 06b04a42bdd222844035602e87e936765c80f620

COCOAPODS: 0.39.0
