// !$*UTF8*$!
{
	archiveVersion = 1;
	classes = {
	};
	objectVersion = 46;
	objects = {

/* Begin PBXBuildFile section */
		59857A216703255343501785 /* libPods.a in Frameworks */ = {isa = PBXBuildFile; fileRef = E8936D50656D3883FACFD246 /* libPods.a */; };
		BC1654B71C25285F00AB1F33 /* NSObject+Properties.m in Sources */ = {isa = PBXBuildFile; fileRef = BC1654B61C25285F00AB1F33 /* NSObject+Properties.m */; };
		BC1654BA1C25290200AB1F33 /* NSDictionary+YPBSign.m in Sources */ = {isa = PBXBuildFile; fileRef = BC1654B91C25290200AB1F33 /* NSDictionary+YPBSign.m */; };
		BC1654BD1C25293B00AB1F33 /* NSString+crypt.m in Sources */ = {isa = PBXBuildFile; fileRef = BC1654BC1C25293B00AB1F33 /* NSString+crypt.m */; };
		BC1654C81C252E6800AB1F33 /* YPBEncryptedURLRequest.m in Sources */ = {isa = PBXBuildFile; fileRef = BC1654C31C252E6800AB1F33 /* YPBEncryptedURLRequest.m */; };
		BC1654C91C252E6800AB1F33 /* YPBURLRequest.m in Sources */ = {isa = PBXBuildFile; fileRef = BC1654C51C252E6800AB1F33 /* YPBURLRequest.m */; };
		BC1654CA1C252E6800AB1F33 /* YPBURLResponse.m in Sources */ = {isa = PBXBuildFile; fileRef = BC1654C71C252E6800AB1F33 /* YPBURLResponse.m */; };
		BC1654CD1C252E9E00AB1F33 /* YPBActivateModel.m in Sources */ = {isa = PBXBuildFile; fileRef = BC1654CC1C252E9E00AB1F33 /* YPBActivateModel.m */; };
		BC1A2D821C0EF909003D9138 /* main.m in Sources */ = {isa = PBXBuildFile; fileRef = BC1A2D811C0EF909003D9138 /* main.m */; };
		BC1A2D8D1C0EF909003D9138 /* Assets.xcassets in Resources */ = {isa = PBXBuildFile; fileRef = BC1A2D8C1C0EF909003D9138 /* Assets.xcassets */; };
		BC1A2D901C0EF909003D9138 /* LaunchScreen.storyboard in Resources */ = {isa = PBXBuildFile; fileRef = BC1A2D8E1C0EF909003D9138 /* LaunchScreen.storyboard */; };
		BC1A2D9B1C0EF909003D9138 /* YuePaoBaTests.m in Sources */ = {isa = PBXBuildFile; fileRef = BC1A2D9A1C0EF909003D9138 /* YuePaoBaTests.m */; };
		BC1A2DA61C0EF909003D9138 /* YuePaoBaUITests.m in Sources */ = {isa = PBXBuildFile; fileRef = BC1A2DA51C0EF909003D9138 /* YuePaoBaUITests.m */; };
		BC1A2DB51C0EFA4C003D9138 /* YPBAppDelegate.m in Sources */ = {isa = PBXBuildFile; fileRef = BC1A2DB41C0EFA4C003D9138 /* YPBAppDelegate.m */; };
		BC1A7B1E1C117C920082A2FB /* YPBAvatarView.m in Sources */ = {isa = PBXBuildFile; fileRef = BC1A7B1D1C117C920082A2FB /* YPBAvatarView.m */; };
		BC1A7B211C1182FD0082A2FB /* UIImage+crop.m in Sources */ = {isa = PBXBuildFile; fileRef = BC1A7B201C1182FD0082A2FB /* UIImage+crop.m */; };
		BC1A7B251C1185350082A2FB /* UIViewController+BackgroundImage.m in Sources */ = {isa = PBXBuildFile; fileRef = BC1A7B241C1185350082A2FB /* UIViewController+BackgroundImage.m */; };
		BC1AED401C0F30C4003A0C63 /* YPBSideMenuViewController.m in Sources */ = {isa = PBXBuildFile; fileRef = BC1AED3F1C0F30C4003A0C63 /* YPBSideMenuViewController.m */; };
		BC1AED431C0F312F003A0C63 /* YPBHomeViewController.m in Sources */ = {isa = PBXBuildFile; fileRef = BC1AED421C0F312F003A0C63 /* YPBHomeViewController.m */; };
		BC1AED491C0F360D003A0C63 /* UIColor+hexColor.m in Sources */ = {isa = PBXBuildFile; fileRef = BC1AED481C0F360D003A0C63 /* UIColor+hexColor.m */; };
		BC1AED511C0F4ADB003A0C63 /* YPBSideMenuCell.m in Sources */ = {isa = PBXBuildFile; fileRef = BC1AED501C0F4ADB003A0C63 /* YPBSideMenuCell.m */; };
		BC1AED561C0F59B6003A0C63 /* YPBVIPCenterViewController.m in Sources */ = {isa = PBXBuildFile; fileRef = BC1AED551C0F59B6003A0C63 /* YPBVIPCenterViewController.m */; };
		BC1AED5B1C0F5A43003A0C63 /* YPBMessageViewController.m in Sources */ = {isa = PBXBuildFile; fileRef = BC1AED5A1C0F5A43003A0C63 /* YPBMessageViewController.m */; };
		BC1AED601C0F5A8B003A0C63 /* YPBSettingViewController.m in Sources */ = {isa = PBXBuildFile; fileRef = BC1AED5F1C0F5A8B003A0C63 /* YPBSettingViewController.m */; };
		BC303D8E1C1FE8F70091093B /* YPBMessageCenter.m in Sources */ = {isa = PBXBuildFile; fileRef = BC303D8D1C1FE8F70091093B /* YPBMessageCenter.m */; };
		BC31B75B1C1B2F540043E7EB /* YPBRegisterFirstViewController.m in Sources */ = {isa = PBXBuildFile; fileRef = BC31B7581C1B2F540043E7EB /* YPBRegisterFirstViewController.m */; };
		BC31B75C1C1B2F540043E7EB /* YPBReigsterSecondViewController.m in Sources */ = {isa = PBXBuildFile; fileRef = BC31B75A1C1B2F540043E7EB /* YPBReigsterSecondViewController.m */; };
		BC31B75F1C1B3A350043E7EB /* YPBLoginViewController.m in Sources */ = {isa = PBXBuildFile; fileRef = BC31B75E1C1B3A350043E7EB /* YPBLoginViewController.m */; };
		BC31B7621C1BC2C20043E7EB /* YPBActionButton.m in Sources */ = {isa = PBXBuildFile; fileRef = BC31B7611C1BC2C20043E7EB /* YPBActionButton.m */; };
		BC31B7651C1BD8560043E7EB /* YPBRadioButton.m in Sources */ = {isa = PBXBuildFile; fileRef = BC31B7641C1BD8560043E7EB /* YPBRadioButton.m */; };
		BC31B7681C1BEC630043E7EB /* YPBRadioButtonGroup.m in Sources */ = {isa = PBXBuildFile; fileRef = BC31B7671C1BEC630043E7EB /* YPBRadioButtonGroup.m */; };
		BC50CE121C28EE0F00CE88DD /* YPBHomeCollectionViewLayout.m in Sources */ = {isa = PBXBuildFile; fileRef = BC50CE111C28EE0F00CE88DD /* YPBHomeCollectionViewLayout.m */; };
		BC50CE151C28F88C00CE88DD /* UIScrollView+Refresh.m in Sources */ = {isa = PBXBuildFile; fileRef = BC50CE141C28F88C00CE88DD /* UIScrollView+Refresh.m */; };
		BC50CE191C2915A300CE88DD /* YPBHomeCell.m in Sources */ = {isa = PBXBuildFile; fileRef = BC50CE181C2915A300CE88DD /* YPBHomeCell.m */; };
		BC50CE1C1C29365D00CE88DD /* YPBReceivedGreetingViewController.m in Sources */ = {isa = PBXBuildFile; fileRef = BC50CE1B1C29365D00CE88DD /* YPBReceivedGreetingViewController.m */; };
		BC50CE1F1C29385A00CE88DD /* YPBGreetingUserCell.m in Sources */ = {isa = PBXBuildFile; fileRef = BC50CE1E1C29385A00CE88DD /* YPBGreetingUserCell.m */; };
		BC50CE221C2939A600CE88DD /* YPBSentGreetingViewController.m in Sources */ = {isa = PBXBuildFile; fileRef = BC50CE211C2939A600CE88DD /* YPBSentGreetingViewController.m */; };
		BC50CE251C2939EF00CE88DD /* YPBAccessedViewController.m in Sources */ = {isa = PBXBuildFile; fileRef = BC50CE241C2939EF00CE88DD /* YPBAccessedViewController.m */; };
		BC50CE281C293B3200CE88DD /* YPBUserDetailModel.m in Sources */ = {isa = PBXBuildFile; fileRef = BC50CE271C293B3200CE88DD /* YPBUserDetailModel.m */; };
		BC50CE2B1C29504A00CE88DD /* YPBUserDetailViewController.m in Sources */ = {isa = PBXBuildFile; fileRef = BC50CE2A1C29504A00CE88DD /* YPBUserDetailViewController.m */; };
		BC5874681C279A4900A72274 /* YPBErrorHandler.m in Sources */ = {isa = PBXBuildFile; fileRef = BC5874671C279A4900A72274 /* YPBErrorHandler.m */; };
		BC58746B1C27CB8700A72274 /* YPBRegisterModel.m in Sources */ = {isa = PBXBuildFile; fileRef = BC58746A1C27CB8700A72274 /* YPBRegisterModel.m */; };
		BC58746E1C27FE2F00A72274 /* UIView+Loading.m in Sources */ = {isa = PBXBuildFile; fileRef = BC58746D1C27FE2F00A72274 /* UIView+Loading.m */; };
		BC5874721C281A6700A72274 /* YPBUserListModel.m in Sources */ = {isa = PBXBuildFile; fileRef = BC5874711C281A6700A72274 /* YPBUserListModel.m */; };
		BC5874751C281E9300A72274 /* YPBPaginator.m in Sources */ = {isa = PBXBuildFile; fileRef = BC5874741C281E9300A72274 /* YPBPaginator.m */; };
		BC6D58D71C228E4A001C2DB1 /* YPBUser+Helper.m in Sources */ = {isa = PBXBuildFile; fileRef = BC6D58D61C228E4A001C2DB1 /* YPBUser+Helper.m */; };
		BC6D58DA1C22A07F001C2DB1 /* YPBMineProfileCell.m in Sources */ = {isa = PBXBuildFile; fileRef = BC6D58D91C22A07F001C2DB1 /* YPBMineProfileCell.m */; };
		BC6D58DD1C22A877001C2DB1 /* YPBProfileActionButton.m in Sources */ = {isa = PBXBuildFile; fileRef = BC6D58DC1C22A877001C2DB1 /* YPBProfileActionButton.m */; };
		BC7114A51C1AC3CA00C5001A /* YPBBaseViewController.m in Sources */ = {isa = PBXBuildFile; fileRef = BC7114A41C1AC3CA00C5001A /* YPBBaseViewController.m */; };
		BC7114AA1C1AC52300C5001A /* YPBUser.m in Sources */ = {isa = PBXBuildFile; fileRef = BC7114A91C1AC52300C5001A /* YPBUser.m */; };
		BC7114AE1C1AD3DB00C5001A /* NSMutableDictionary+Safety.m in Sources */ = {isa = PBXBuildFile; fileRef = BC7114AD1C1AD3DB00C5001A /* NSMutableDictionary+Safety.m */; };
		BC7114BC1C1AE87100C5001A /* YPBLayoutViewController.m in Sources */ = {isa = PBXBuildFile; fileRef = BC7114BB1C1AE87100C5001A /* YPBLayoutViewController.m */; };
		BCD15F0F1C1032C3002B6C5C /* UIViewController+YPBSideMenu.m in Sources */ = {isa = PBXBuildFile; fileRef = BCD15F0E1C1032C3002B6C5C /* UIViewController+YPBSideMenu.m */; };
		BCD15F141C103AB7002B6C5C /* YPBMineViewController.m in Sources */ = {isa = PBXBuildFile; fileRef = BCD15F131C103AB6002B6C5C /* YPBMineViewController.m */; };
		BCD15F1B1C104B31002B6C5C /* RACEXTRuntimeExtensions.m in Sources */ = {isa = PBXBuildFile; fileRef = BCD15F181C104B31002B6C5C /* RACEXTRuntimeExtensions.m */; };
		BCD15F1E1C104EAB002B6C5C /* YPBUtil.m in Sources */ = {isa = PBXBuildFile; fileRef = BCD15F1D1C104EAB002B6C5C /* YPBUtil.m */; };
/* End PBXBuildFile section */

/* Begin PBXContainerItemProxy section */
		BC1A2D971C0EF909003D9138 /* PBXContainerItemProxy */ = {
			isa = PBXContainerItemProxy;
			containerPortal = BC1A2D751C0EF909003D9138 /* Project object */;
			proxyType = 1;
			remoteGlobalIDString = BC1A2D7C1C0EF909003D9138;
			remoteInfo = YuePaoBa;
		};
		BC1A2DA21C0EF909003D9138 /* PBXContainerItemProxy */ = {
			isa = PBXContainerItemProxy;
			containerPortal = BC1A2D751C0EF909003D9138 /* Project object */;
			proxyType = 1;
			remoteGlobalIDString = BC1A2D7C1C0EF909003D9138;
			remoteInfo = YuePaoBa;
		};
/* End PBXContainerItemProxy section */

/* Begin PBXFileReference section */
		4F2CAD2F163D89DC2E23A9C6 /* Pods.release.xcconfig */ = {isa = PBXFileReference; includeInIndex = 1; lastKnownFileType = text.xcconfig; name = Pods.release.xcconfig; path = "Pods/Target Support Files/Pods/Pods.release.xcconfig"; sourceTree = "<group>"; };
		BC1654B51C25285F00AB1F33 /* NSObject+Properties.h */ = {isa = PBXFileReference; fileEncoding = 4; lastKnownFileType = sourcecode.c.h; path = "NSObject+Properties.h"; sourceTree = "<group>"; };
		BC1654B61C25285F00AB1F33 /* NSObject+Properties.m */ = {isa = PBXFileReference; fileEncoding = 4; lastKnownFileType = sourcecode.c.objc; path = "NSObject+Properties.m"; sourceTree = "<group>"; };
		BC1654B81C25290200AB1F33 /* NSDictionary+YPBSign.h */ = {isa = PBXFileReference; fileEncoding = 4; lastKnownFileType = sourcecode.c.h; path = "NSDictionary+YPBSign.h"; sourceTree = "<group>"; };
		BC1654B91C25290200AB1F33 /* NSDictionary+YPBSign.m */ = {isa = PBXFileReference; fileEncoding = 4; lastKnownFileType = sourcecode.c.objc; path = "NSDictionary+YPBSign.m"; sourceTree = "<group>"; };
		BC1654BB1C25293B00AB1F33 /* NSString+crypt.h */ = {isa = PBXFileReference; fileEncoding = 4; lastKnownFileType = sourcecode.c.h; path = "NSString+crypt.h"; sourceTree = "<group>"; };
		BC1654BC1C25293B00AB1F33 /* NSString+crypt.m */ = {isa = PBXFileReference; fileEncoding = 4; lastKnownFileType = sourcecode.c.objc; path = "NSString+crypt.m"; sourceTree = "<group>"; };
		BC1654C21C252E6800AB1F33 /* YPBEncryptedURLRequest.h */ = {isa = PBXFileReference; fileEncoding = 4; lastKnownFileType = sourcecode.c.h; path = YPBEncryptedURLRequest.h; sourceTree = "<group>"; };
		BC1654C31C252E6800AB1F33 /* YPBEncryptedURLRequest.m */ = {isa = PBXFileReference; fileEncoding = 4; lastKnownFileType = sourcecode.c.objc; path = YPBEncryptedURLRequest.m; sourceTree = "<group>"; };
		BC1654C41C252E6800AB1F33 /* YPBURLRequest.h */ = {isa = PBXFileReference; fileEncoding = 4; lastKnownFileType = sourcecode.c.h; path = YPBURLRequest.h; sourceTree = "<group>"; };
		BC1654C51C252E6800AB1F33 /* YPBURLRequest.m */ = {isa = PBXFileReference; fileEncoding = 4; lastKnownFileType = sourcecode.c.objc; path = YPBURLRequest.m; sourceTree = "<group>"; };
		BC1654C61C252E6800AB1F33 /* YPBURLResponse.h */ = {isa = PBXFileReference; fileEncoding = 4; lastKnownFileType = sourcecode.c.h; path = YPBURLResponse.h; sourceTree = "<group>"; };
		BC1654C71C252E6800AB1F33 /* YPBURLResponse.m */ = {isa = PBXFileReference; fileEncoding = 4; lastKnownFileType = sourcecode.c.objc; path = YPBURLResponse.m; sourceTree = "<group>"; };
		BC1654CB1C252E9E00AB1F33 /* YPBActivateModel.h */ = {isa = PBXFileReference; fileEncoding = 4; lastKnownFileType = sourcecode.c.h; path = YPBActivateModel.h; sourceTree = "<group>"; };
		BC1654CC1C252E9E00AB1F33 /* YPBActivateModel.m */ = {isa = PBXFileReference; fileEncoding = 4; lastKnownFileType = sourcecode.c.objc; path = YPBActivateModel.m; sourceTree = "<group>"; };
		BC1654CE1C252FC300AB1F33 /* YPBConfig.h */ = {isa = PBXFileReference; lastKnownFileType = sourcecode.c.h; path = YPBConfig.h; sourceTree = "<group>"; };
		BC1A2D7D1C0EF909003D9138 /* YuePaoBa.app */ = {isa = PBXFileReference; explicitFileType = wrapper.application; includeInIndex = 0; path = YuePaoBa.app; sourceTree = BUILT_PRODUCTS_DIR; };
		BC1A2D811C0EF909003D9138 /* main.m */ = {isa = PBXFileReference; lastKnownFileType = sourcecode.c.objc; path = main.m; sourceTree = "<group>"; };
		BC1A2D8C1C0EF909003D9138 /* Assets.xcassets */ = {isa = PBXFileReference; lastKnownFileType = folder.assetcatalog; path = Assets.xcassets; sourceTree = "<group>"; };
		BC1A2D8F1C0EF909003D9138 /* Base */ = {isa = PBXFileReference; lastKnownFileType = file.storyboard; name = Base; path = Base.lproj/LaunchScreen.storyboard; sourceTree = "<group>"; };
		BC1A2D911C0EF909003D9138 /* Info.plist */ = {isa = PBXFileReference; lastKnownFileType = text.plist.xml; path = Info.plist; sourceTree = "<group>"; };
		BC1A2D961C0EF909003D9138 /* YuePaoBaTests.xctest */ = {isa = PBXFileReference; explicitFileType = wrapper.cfbundle; includeInIndex = 0; path = YuePaoBaTests.xctest; sourceTree = BUILT_PRODUCTS_DIR; };
		BC1A2D9A1C0EF909003D9138 /* YuePaoBaTests.m */ = {isa = PBXFileReference; lastKnownFileType = sourcecode.c.objc; path = YuePaoBaTests.m; sourceTree = "<group>"; };
		BC1A2D9C1C0EF909003D9138 /* Info.plist */ = {isa = PBXFileReference; lastKnownFileType = text.plist.xml; path = Info.plist; sourceTree = "<group>"; };
		BC1A2DA11C0EF909003D9138 /* YuePaoBaUITests.xctest */ = {isa = PBXFileReference; explicitFileType = wrapper.cfbundle; includeInIndex = 0; path = YuePaoBaUITests.xctest; sourceTree = BUILT_PRODUCTS_DIR; };
		BC1A2DA51C0EF909003D9138 /* YuePaoBaUITests.m */ = {isa = PBXFileReference; lastKnownFileType = sourcecode.c.objc; path = YuePaoBaUITests.m; sourceTree = "<group>"; };
		BC1A2DA71C0EF909003D9138 /* Info.plist */ = {isa = PBXFileReference; lastKnownFileType = text.plist.xml; path = Info.plist; sourceTree = "<group>"; };
		BC1A2DB31C0EFA4C003D9138 /* YPBAppDelegate.h */ = {isa = PBXFileReference; fileEncoding = 4; lastKnownFileType = sourcecode.c.h; path = YPBAppDelegate.h; sourceTree = "<group>"; };
		BC1A2DB41C0EFA4C003D9138 /* YPBAppDelegate.m */ = {isa = PBXFileReference; fileEncoding = 4; lastKnownFileType = sourcecode.c.objc; path = YPBAppDelegate.m; sourceTree = "<group>"; };
		BC1A7B1C1C117C920082A2FB /* YPBAvatarView.h */ = {isa = PBXFileReference; fileEncoding = 4; lastKnownFileType = sourcecode.c.h; path = YPBAvatarView.h; sourceTree = "<group>"; };
		BC1A7B1D1C117C920082A2FB /* YPBAvatarView.m */ = {isa = PBXFileReference; fileEncoding = 4; lastKnownFileType = sourcecode.c.objc; path = YPBAvatarView.m; sourceTree = "<group>"; };
		BC1A7B1F1C1182FD0082A2FB /* UIImage+crop.h */ = {isa = PBXFileReference; fileEncoding = 4; lastKnownFileType = sourcecode.c.h; path = "UIImage+crop.h"; sourceTree = "<group>"; };
		BC1A7B201C1182FD0082A2FB /* UIImage+crop.m */ = {isa = PBXFileReference; fileEncoding = 4; lastKnownFileType = sourcecode.c.objc; path = "UIImage+crop.m"; sourceTree = "<group>"; };
		BC1A7B221C1183250082A2FB /* YPBExtensions.h */ = {isa = PBXFileReference; fileEncoding = 4; lastKnownFileType = sourcecode.c.h; path = YPBExtensions.h; sourceTree = "<group>"; };
		BC1A7B231C1185350082A2FB /* UIViewController+BackgroundImage.h */ = {isa = PBXFileReference; fileEncoding = 4; lastKnownFileType = sourcecode.c.h; path = "UIViewController+BackgroundImage.h"; sourceTree = "<group>"; };
		BC1A7B241C1185350082A2FB /* UIViewController+BackgroundImage.m */ = {isa = PBXFileReference; fileEncoding = 4; lastKnownFileType = sourcecode.c.objc; path = "UIViewController+BackgroundImage.m"; sourceTree = "<group>"; };
		BC1AED3E1C0F30C4003A0C63 /* YPBSideMenuViewController.h */ = {isa = PBXFileReference; fileEncoding = 4; lastKnownFileType = sourcecode.c.h; path = YPBSideMenuViewController.h; sourceTree = "<group>"; };
		BC1AED3F1C0F30C4003A0C63 /* YPBSideMenuViewController.m */ = {isa = PBXFileReference; fileEncoding = 4; lastKnownFileType = sourcecode.c.objc; path = YPBSideMenuViewController.m; sourceTree = "<group>"; };
		BC1AED411C0F312F003A0C63 /* YPBHomeViewController.h */ = {isa = PBXFileReference; fileEncoding = 4; lastKnownFileType = sourcecode.c.h; path = YPBHomeViewController.h; sourceTree = "<group>"; };
		BC1AED421C0F312F003A0C63 /* YPBHomeViewController.m */ = {isa = PBXFileReference; fileEncoding = 4; lastKnownFileType = sourcecode.c.objc; path = YPBHomeViewController.m; sourceTree = "<group>"; };
		BC1AED441C0F33BE003A0C63 /* YPBPrefixHeader.pch */ = {isa = PBXFileReference; lastKnownFileType = sourcecode.c.h; path = YPBPrefixHeader.pch; sourceTree = "<group>"; };
		BC1AED471C0F360D003A0C63 /* UIColor+hexColor.h */ = {isa = PBXFileReference; fileEncoding = 4; lastKnownFileType = sourcecode.c.h; path = "UIColor+hexColor.h"; sourceTree = "<group>"; };
		BC1AED481C0F360D003A0C63 /* UIColor+hexColor.m */ = {isa = PBXFileReference; fileEncoding = 4; lastKnownFileType = sourcecode.c.objc; path = "UIColor+hexColor.m"; sourceTree = "<group>"; };
		BC1AED4F1C0F4ADB003A0C63 /* YPBSideMenuCell.h */ = {isa = PBXFileReference; fileEncoding = 4; lastKnownFileType = sourcecode.c.h; path = YPBSideMenuCell.h; sourceTree = "<group>"; };
		BC1AED501C0F4ADB003A0C63 /* YPBSideMenuCell.m */ = {isa = PBXFileReference; fileEncoding = 4; lastKnownFileType = sourcecode.c.objc; path = YPBSideMenuCell.m; sourceTree = "<group>"; };
		BC1AED541C0F59B6003A0C63 /* YPBVIPCenterViewController.h */ = {isa = PBXFileReference; fileEncoding = 4; lastKnownFileType = sourcecode.c.h; path = YPBVIPCenterViewController.h; sourceTree = "<group>"; };
		BC1AED551C0F59B6003A0C63 /* YPBVIPCenterViewController.m */ = {isa = PBXFileReference; fileEncoding = 4; lastKnownFileType = sourcecode.c.objc; path = YPBVIPCenterViewController.m; sourceTree = "<group>"; };
		BC1AED591C0F5A43003A0C63 /* YPBMessageViewController.h */ = {isa = PBXFileReference; fileEncoding = 4; lastKnownFileType = sourcecode.c.h; path = YPBMessageViewController.h; sourceTree = "<group>"; };
		BC1AED5A1C0F5A43003A0C63 /* YPBMessageViewController.m */ = {isa = PBXFileReference; fileEncoding = 4; lastKnownFileType = sourcecode.c.objc; path = YPBMessageViewController.m; sourceTree = "<group>"; };
		BC1AED5E1C0F5A8B003A0C63 /* YPBSettingViewController.h */ = {isa = PBXFileReference; fileEncoding = 4; lastKnownFileType = sourcecode.c.h; path = YPBSettingViewController.h; sourceTree = "<group>"; };
		BC1AED5F1C0F5A8B003A0C63 /* YPBSettingViewController.m */ = {isa = PBXFileReference; fileEncoding = 4; lastKnownFileType = sourcecode.c.objc; path = YPBSettingViewController.m; sourceTree = "<group>"; };
		BC303D8B1C1FE7110091093B /* YPBErrorDef.h */ = {isa = PBXFileReference; lastKnownFileType = sourcecode.c.h; path = YPBErrorDef.h; sourceTree = "<group>"; };
		BC303D8C1C1FE8F70091093B /* YPBMessageCenter.h */ = {isa = PBXFileReference; fileEncoding = 4; lastKnownFileType = sourcecode.c.h; path = YPBMessageCenter.h; sourceTree = "<group>"; };
		BC303D8D1C1FE8F70091093B /* YPBMessageCenter.m */ = {isa = PBXFileReference; fileEncoding = 4; lastKnownFileType = sourcecode.c.objc; path = YPBMessageCenter.m; sourceTree = "<group>"; };
		BC31B7571C1B2F540043E7EB /* YPBRegisterFirstViewController.h */ = {isa = PBXFileReference; fileEncoding = 4; lastKnownFileType = sourcecode.c.h; path = YPBRegisterFirstViewController.h; sourceTree = "<group>"; };
		BC31B7581C1B2F540043E7EB /* YPBRegisterFirstViewController.m */ = {isa = PBXFileReference; fileEncoding = 4; lastKnownFileType = sourcecode.c.objc; path = YPBRegisterFirstViewController.m; sourceTree = "<group>"; };
		BC31B7591C1B2F540043E7EB /* YPBReigsterSecondViewController.h */ = {isa = PBXFileReference; fileEncoding = 4; lastKnownFileType = sourcecode.c.h; path = YPBReigsterSecondViewController.h; sourceTree = "<group>"; };
		BC31B75A1C1B2F540043E7EB /* YPBReigsterSecondViewController.m */ = {isa = PBXFileReference; fileEncoding = 4; lastKnownFileType = sourcecode.c.objc; path = YPBReigsterSecondViewController.m; sourceTree = "<group>"; };
		BC31B75D1C1B3A350043E7EB /* YPBLoginViewController.h */ = {isa = PBXFileReference; fileEncoding = 4; lastKnownFileType = sourcecode.c.h; path = YPBLoginViewController.h; sourceTree = "<group>"; };
		BC31B75E1C1B3A350043E7EB /* YPBLoginViewController.m */ = {isa = PBXFileReference; fileEncoding = 4; lastKnownFileType = sourcecode.c.objc; path = YPBLoginViewController.m; sourceTree = "<group>"; };
		BC31B7601C1BC2C20043E7EB /* YPBActionButton.h */ = {isa = PBXFileReference; fileEncoding = 4; lastKnownFileType = sourcecode.c.h; path = YPBActionButton.h; sourceTree = "<group>"; };
		BC31B7611C1BC2C20043E7EB /* YPBActionButton.m */ = {isa = PBXFileReference; fileEncoding = 4; lastKnownFileType = sourcecode.c.objc; path = YPBActionButton.m; sourceTree = "<group>"; };
		BC31B7631C1BD8560043E7EB /* YPBRadioButton.h */ = {isa = PBXFileReference; fileEncoding = 4; lastKnownFileType = sourcecode.c.h; path = YPBRadioButton.h; sourceTree = "<group>"; };
		BC31B7641C1BD8560043E7EB /* YPBRadioButton.m */ = {isa = PBXFileReference; fileEncoding = 4; lastKnownFileType = sourcecode.c.objc; path = YPBRadioButton.m; sourceTree = "<group>"; };
		BC31B7661C1BEC630043E7EB /* YPBRadioButtonGroup.h */ = {isa = PBXFileReference; fileEncoding = 4; lastKnownFileType = sourcecode.c.h; path = YPBRadioButtonGroup.h; sourceTree = "<group>"; };
		BC31B7671C1BEC630043E7EB /* YPBRadioButtonGroup.m */ = {isa = PBXFileReference; fileEncoding = 4; lastKnownFileType = sourcecode.c.objc; path = YPBRadioButtonGroup.m; sourceTree = "<group>"; };
		BC50CE101C28EE0F00CE88DD /* YPBHomeCollectionViewLayout.h */ = {isa = PBXFileReference; fileEncoding = 4; lastKnownFileType = sourcecode.c.h; path = YPBHomeCollectionViewLayout.h; sourceTree = "<group>"; };
		BC50CE111C28EE0F00CE88DD /* YPBHomeCollectionViewLayout.m */ = {isa = PBXFileReference; fileEncoding = 4; lastKnownFileType = sourcecode.c.objc; path = YPBHomeCollectionViewLayout.m; sourceTree = "<group>"; };
		BC50CE131C28F88C00CE88DD /* UIScrollView+Refresh.h */ = {isa = PBXFileReference; fileEncoding = 4; lastKnownFileType = sourcecode.c.h; path = "UIScrollView+Refresh.h"; sourceTree = "<group>"; };
		BC50CE141C28F88C00CE88DD /* UIScrollView+Refresh.m */ = {isa = PBXFileReference; fileEncoding = 4; lastKnownFileType = sourcecode.c.objc; path = "UIScrollView+Refresh.m"; sourceTree = "<group>"; };
		BC50CE171C2915A300CE88DD /* YPBHomeCell.h */ = {isa = PBXFileReference; fileEncoding = 4; lastKnownFileType = sourcecode.c.h; path = YPBHomeCell.h; sourceTree = "<group>"; };
		BC50CE181C2915A300CE88DD /* YPBHomeCell.m */ = {isa = PBXFileReference; fileEncoding = 4; lastKnownFileType = sourcecode.c.objc; path = YPBHomeCell.m; sourceTree = "<group>"; };
		BC50CE1A1C29365D00CE88DD /* YPBReceivedGreetingViewController.h */ = {isa = PBXFileReference; fileEncoding = 4; lastKnownFileType = sourcecode.c.h; path = YPBReceivedGreetingViewController.h; sourceTree = "<group>"; };
		BC50CE1B1C29365D00CE88DD /* YPBReceivedGreetingViewController.m */ = {isa = PBXFileReference; fileEncoding = 4; lastKnownFileType = sourcecode.c.objc; path = YPBReceivedGreetingViewController.m; sourceTree = "<group>"; };
		BC50CE1D1C29385A00CE88DD /* YPBGreetingUserCell.h */ = {isa = PBXFileReference; fileEncoding = 4; lastKnownFileType = sourcecode.c.h; path = YPBGreetingUserCell.h; sourceTree = "<group>"; };
		BC50CE1E1C29385A00CE88DD /* YPBGreetingUserCell.m */ = {isa = PBXFileReference; fileEncoding = 4; lastKnownFileType = sourcecode.c.objc; path = YPBGreetingUserCell.m; sourceTree = "<group>"; };
		BC50CE201C2939A600CE88DD /* YPBSentGreetingViewController.h */ = {isa = PBXFileReference; fileEncoding = 4; lastKnownFileType = sourcecode.c.h; path = YPBSentGreetingViewController.h; sourceTree = "<group>"; };
		BC50CE211C2939A600CE88DD /* YPBSentGreetingViewController.m */ = {isa = PBXFileReference; fileEncoding = 4; lastKnownFileType = sourcecode.c.objc; path = YPBSentGreetingViewController.m; sourceTree = "<group>"; };
		BC50CE231C2939EF00CE88DD /* YPBAccessedViewController.h */ = {isa = PBXFileReference; fileEncoding = 4; lastKnownFileType = sourcecode.c.h; path = YPBAccessedViewController.h; sourceTree = "<group>"; };
		BC50CE241C2939EF00CE88DD /* YPBAccessedViewController.m */ = {isa = PBXFileReference; fileEncoding = 4; lastKnownFileType = sourcecode.c.objc; path = YPBAccessedViewController.m; sourceTree = "<group>"; };
		BC50CE261C293B3200CE88DD /* YPBUserDetailModel.h */ = {isa = PBXFileReference; fileEncoding = 4; lastKnownFileType = sourcecode.c.h; path = YPBUserDetailModel.h; sourceTree = "<group>"; };
		BC50CE271C293B3200CE88DD /* YPBUserDetailModel.m */ = {isa = PBXFileReference; fileEncoding = 4; lastKnownFileType = sourcecode.c.objc; path = YPBUserDetailModel.m; sourceTree = "<group>"; };
		BC50CE291C29504A00CE88DD /* YPBUserDetailViewController.h */ = {isa = PBXFileReference; fileEncoding = 4; lastKnownFileType = sourcecode.c.h; path = YPBUserDetailViewController.h; sourceTree = "<group>"; };
		BC50CE2A1C29504A00CE88DD /* YPBUserDetailViewController.m */ = {isa = PBXFileReference; fileEncoding = 4; lastKnownFileType = sourcecode.c.objc; path = YPBUserDetailViewController.m; sourceTree = "<group>"; };
		BC5874661C279A4900A72274 /* YPBErrorHandler.h */ = {isa = PBXFileReference; fileEncoding = 4; lastKnownFileType = sourcecode.c.h; path = YPBErrorHandler.h; sourceTree = "<group>"; };
		BC5874671C279A4900A72274 /* YPBErrorHandler.m */ = {isa = PBXFileReference; fileEncoding = 4; lastKnownFileType = sourcecode.c.objc; path = YPBErrorHandler.m; sourceTree = "<group>"; };
		BC5874691C27CB8700A72274 /* YPBRegisterModel.h */ = {isa = PBXFileReference; fileEncoding = 4; lastKnownFileType = sourcecode.c.h; path = YPBRegisterModel.h; sourceTree = "<group>"; };
		BC58746A1C27CB8700A72274 /* YPBRegisterModel.m */ = {isa = PBXFileReference; fileEncoding = 4; lastKnownFileType = sourcecode.c.objc; path = YPBRegisterModel.m; sourceTree = "<group>"; };
		BC58746C1C27FE2F00A72274 /* UIView+Loading.h */ = {isa = PBXFileReference; fileEncoding = 4; lastKnownFileType = sourcecode.c.h; path = "UIView+Loading.h"; sourceTree = "<group>"; };
		BC58746D1C27FE2F00A72274 /* UIView+Loading.m */ = {isa = PBXFileReference; fileEncoding = 4; lastKnownFileType = sourcecode.c.objc; path = "UIView+Loading.m"; sourceTree = "<group>"; };
		BC5874701C281A6700A72274 /* YPBUserListModel.h */ = {isa = PBXFileReference; fileEncoding = 4; lastKnownFileType = sourcecode.c.h; path = YPBUserListModel.h; sourceTree = "<group>"; };
		BC5874711C281A6700A72274 /* YPBUserListModel.m */ = {isa = PBXFileReference; fileEncoding = 4; lastKnownFileType = sourcecode.c.objc; path = YPBUserListModel.m; sourceTree = "<group>"; };
		BC5874731C281E9300A72274 /* YPBPaginator.h */ = {isa = PBXFileReference; fileEncoding = 4; lastKnownFileType = sourcecode.c.h; path = YPBPaginator.h; sourceTree = "<group>"; };
		BC5874741C281E9300A72274 /* YPBPaginator.m */ = {isa = PBXFileReference; fileEncoding = 4; lastKnownFileType = sourcecode.c.objc; path = YPBPaginator.m; sourceTree = "<group>"; };
		BC6D58D51C228E49001C2DB1 /* YPBUser+Helper.h */ = {isa = PBXFileReference; fileEncoding = 4; lastKnownFileType = sourcecode.c.h; path = "YPBUser+Helper.h"; sourceTree = "<group>"; };
		BC6D58D61C228E4A001C2DB1 /* YPBUser+Helper.m */ = {isa = PBXFileReference; fileEncoding = 4; lastKnownFileType = sourcecode.c.objc; path = "YPBUser+Helper.m"; sourceTree = "<group>"; };
		BC6D58D81C22A07F001C2DB1 /* YPBMineProfileCell.h */ = {isa = PBXFileReference; fileEncoding = 4; lastKnownFileType = sourcecode.c.h; path = YPBMineProfileCell.h; sourceTree = "<group>"; };
		BC6D58D91C22A07F001C2DB1 /* YPBMineProfileCell.m */ = {isa = PBXFileReference; fileEncoding = 4; lastKnownFileType = sourcecode.c.objc; path = YPBMineProfileCell.m; sourceTree = "<group>"; };
		BC6D58DB1C22A877001C2DB1 /* YPBProfileActionButton.h */ = {isa = PBXFileReference; fileEncoding = 4; lastKnownFileType = sourcecode.c.h; path = YPBProfileActionButton.h; sourceTree = "<group>"; };
		BC6D58DC1C22A877001C2DB1 /* YPBProfileActionButton.m */ = {isa = PBXFileReference; fileEncoding = 4; lastKnownFileType = sourcecode.c.objc; path = YPBProfileActionButton.m; sourceTree = "<group>"; };
		BC7114A31C1AC3CA00C5001A /* YPBBaseViewController.h */ = {isa = PBXFileReference; fileEncoding = 4; lastKnownFileType = sourcecode.c.h; path = YPBBaseViewController.h; sourceTree = "<group>"; };
		BC7114A41C1AC3CA00C5001A /* YPBBaseViewController.m */ = {isa = PBXFileReference; fileEncoding = 4; lastKnownFileType = sourcecode.c.objc; path = YPBBaseViewController.m; sourceTree = "<group>"; };
		BC7114A81C1AC52300C5001A /* YPBUser.h */ = {isa = PBXFileReference; fileEncoding = 4; lastKnownFileType = sourcecode.c.h; path = YPBUser.h; sourceTree = "<group>"; };
		BC7114A91C1AC52300C5001A /* YPBUser.m */ = {isa = PBXFileReference; fileEncoding = 4; lastKnownFileType = sourcecode.c.objc; path = YPBUser.m; sourceTree = "<group>"; };
		BC7114AB1C1AC60000C5001A /* YPBCommonDef.h */ = {isa = PBXFileReference; lastKnownFileType = sourcecode.c.h; path = YPBCommonDef.h; sourceTree = "<group>"; };
		BC7114AC1C1AD3DB00C5001A /* NSMutableDictionary+Safety.h */ = {isa = PBXFileReference; fileEncoding = 4; lastKnownFileType = sourcecode.c.h; path = "NSMutableDictionary+Safety.h"; sourceTree = "<group>"; };
		BC7114AD1C1AD3DB00C5001A /* NSMutableDictionary+Safety.m */ = {isa = PBXFileReference; fileEncoding = 4; lastKnownFileType = sourcecode.c.objc; path = "NSMutableDictionary+Safety.m"; sourceTree = "<group>"; };
		BC7114BA1C1AE87100C5001A /* YPBLayoutViewController.h */ = {isa = PBXFileReference; fileEncoding = 4; lastKnownFileType = sourcecode.c.h; path = YPBLayoutViewController.h; sourceTree = "<group>"; };
		BC7114BB1C1AE87100C5001A /* YPBLayoutViewController.m */ = {isa = PBXFileReference; fileEncoding = 4; lastKnownFileType = sourcecode.c.objc; path = YPBLayoutViewController.m; sourceTree = "<group>"; };
		BCD15F0D1C1032C3002B6C5C /* UIViewController+YPBSideMenu.h */ = {isa = PBXFileReference; fileEncoding = 4; lastKnownFileType = sourcecode.c.h; path = "UIViewController+YPBSideMenu.h"; sourceTree = "<group>"; };
		BCD15F0E1C1032C3002B6C5C /* UIViewController+YPBSideMenu.m */ = {isa = PBXFileReference; fileEncoding = 4; lastKnownFileType = sourcecode.c.objc; path = "UIViewController+YPBSideMenu.m"; sourceTree = "<group>"; };
		BCD15F121C103AB6002B6C5C /* YPBMineViewController.h */ = {isa = PBXFileReference; fileEncoding = 4; lastKnownFileType = sourcecode.c.h; path = YPBMineViewController.h; sourceTree = "<group>"; };
		BCD15F131C103AB6002B6C5C /* YPBMineViewController.m */ = {isa = PBXFileReference; fileEncoding = 4; lastKnownFileType = sourcecode.c.objc; path = YPBMineViewController.m; sourceTree = "<group>"; };
		BCD15F161C104B31002B6C5C /* RACEXTKeyPathCoding.h */ = {isa = PBXFileReference; fileEncoding = 4; lastKnownFileType = sourcecode.c.h; path = RACEXTKeyPathCoding.h; sourceTree = "<group>"; };
		BCD15F171C104B31002B6C5C /* RACEXTRuntimeExtensions.h */ = {isa = PBXFileReference; fileEncoding = 4; lastKnownFileType = sourcecode.c.h; path = RACEXTRuntimeExtensions.h; sourceTree = "<group>"; };
		BCD15F181C104B31002B6C5C /* RACEXTRuntimeExtensions.m */ = {isa = PBXFileReference; fileEncoding = 4; lastKnownFileType = sourcecode.c.objc; path = RACEXTRuntimeExtensions.m; sourceTree = "<group>"; };
		BCD15F191C104B31002B6C5C /* RACEXTScope.h */ = {isa = PBXFileReference; fileEncoding = 4; lastKnownFileType = sourcecode.c.h; path = RACEXTScope.h; sourceTree = "<group>"; };
		BCD15F1A1C104B31002B6C5C /* RACmetamacros.h */ = {isa = PBXFileReference; fileEncoding = 4; lastKnownFileType = sourcecode.c.h; path = RACmetamacros.h; sourceTree = "<group>"; };
		BCD15F1C1C104EAB002B6C5C /* YPBUtil.h */ = {isa = PBXFileReference; fileEncoding = 4; lastKnownFileType = sourcecode.c.h; path = YPBUtil.h; sourceTree = "<group>"; };
		BCD15F1D1C104EAB002B6C5C /* YPBUtil.m */ = {isa = PBXFileReference; fileEncoding = 4; lastKnownFileType = sourcecode.c.objc; path = YPBUtil.m; sourceTree = "<group>"; };
		C8725E9D86861D96A4FDD277 /* Pods.debug.xcconfig */ = {isa = PBXFileReference; includeInIndex = 1; lastKnownFileType = text.xcconfig; name = Pods.debug.xcconfig; path = "Pods/Target Support Files/Pods/Pods.debug.xcconfig"; sourceTree = "<group>"; };
		E8936D50656D3883FACFD246 /* libPods.a */ = {isa = PBXFileReference; explicitFileType = archive.ar; includeInIndex = 0; path = libPods.a; sourceTree = BUILT_PRODUCTS_DIR; };
/* End PBXFileReference section */

/* Begin PBXFrameworksBuildPhase section */
		BC1A2D7A1C0EF909003D9138 /* Frameworks */ = {
			isa = PBXFrameworksBuildPhase;
			buildActionMask = 2147483647;
			files = (
				59857A216703255343501785 /* libPods.a in Frameworks */,
			);
			runOnlyForDeploymentPostprocessing = 0;
		};
		BC1A2D931C0EF909003D9138 /* Frameworks */ = {
			isa = PBXFrameworksBuildPhase;
			buildActionMask = 2147483647;
			files = (
			);
			runOnlyForDeploymentPostprocessing = 0;
		};
		BC1A2D9E1C0EF909003D9138 /* Frameworks */ = {
			isa = PBXFrameworksBuildPhase;
			buildActionMask = 2147483647;
			files = (
			);
			runOnlyForDeploymentPostprocessing = 0;
		};
/* End PBXFrameworksBuildPhase section */

/* Begin PBXGroup section */
		8626A978049611A8C827E9A9 /* Frameworks */ = {
			isa = PBXGroup;
			children = (
				E8936D50656D3883FACFD246 /* libPods.a */,
			);
			name = Frameworks;
			sourceTree = "<group>";
		};
		BC1654C11C252E3800AB1F33 /* URLModel */ = {
			isa = PBXGroup;
			children = (
				BC1654C41C252E6800AB1F33 /* YPBURLRequest.h */,
				BC1654C51C252E6800AB1F33 /* YPBURLRequest.m */,
				BC1654C21C252E6800AB1F33 /* YPBEncryptedURLRequest.h */,
				BC1654C31C252E6800AB1F33 /* YPBEncryptedURLRequest.m */,
				BC1654C61C252E6800AB1F33 /* YPBURLResponse.h */,
				BC1654C71C252E6800AB1F33 /* YPBURLResponse.m */,
			);
			path = URLModel;
			sourceTree = "<group>";
		};
		BC1A2D741C0EF909003D9138 = {
			isa = PBXGroup;
			children = (
				BC1A2D7F1C0EF909003D9138 /* YuePaoBa */,
				BC1A2D991C0EF909003D9138 /* YuePaoBaTests */,
				BC1A2DA41C0EF909003D9138 /* YuePaoBaUITests */,
				BC1A2D7E1C0EF909003D9138 /* Products */,
				FABA1AE34E8532B321D86B4B /* Pods */,
				8626A978049611A8C827E9A9 /* Frameworks */,
			);
			sourceTree = "<group>";
		};
		BC1A2D7E1C0EF909003D9138 /* Products */ = {
			isa = PBXGroup;
			children = (
				BC1A2D7D1C0EF909003D9138 /* YuePaoBa.app */,
				BC1A2D961C0EF909003D9138 /* YuePaoBaTests.xctest */,
				BC1A2DA11C0EF909003D9138 /* YuePaoBaUITests.xctest */,
			);
			name = Products;
			sourceTree = "<group>";
		};
		BC1A2D7F1C0EF909003D9138 /* YuePaoBa */ = {
			isa = PBXGroup;
			children = (
				BC1A2DB31C0EFA4C003D9138 /* YPBAppDelegate.h */,
				BC1A2DB41C0EFA4C003D9138 /* YPBAppDelegate.m */,
				BC1A2D8C1C0EF909003D9138 /* Assets.xcassets */,
				BC1A2D8E1C0EF909003D9138 /* LaunchScreen.storyboard */,
				BC1A2D801C0EF909003D9138 /* Supporting Files */,
				BC9A89E31C0EFAB0008816F7 /* Class */,
			);
			path = YuePaoBa;
			sourceTree = "<group>";
		};
		BC1A2D801C0EF909003D9138 /* Supporting Files */ = {
			isa = PBXGroup;
			children = (
				BC1A2D811C0EF909003D9138 /* main.m */,
				BC1A2D911C0EF909003D9138 /* Info.plist */,
				BC1AED441C0F33BE003A0C63 /* YPBPrefixHeader.pch */,
				BC1654CE1C252FC300AB1F33 /* YPBConfig.h */,
			);
			name = "Supporting Files";
			sourceTree = "<group>";
		};
		BC1A2D991C0EF909003D9138 /* YuePaoBaTests */ = {
			isa = PBXGroup;
			children = (
				BC1A2D9A1C0EF909003D9138 /* YuePaoBaTests.m */,
				BC1A2D9C1C0EF909003D9138 /* Info.plist */,
			);
			path = YuePaoBaTests;
			sourceTree = "<group>";
		};
		BC1A2DA41C0EF909003D9138 /* YuePaoBaUITests */ = {
			isa = PBXGroup;
			children = (
				BC1A2DA51C0EF909003D9138 /* YuePaoBaUITests.m */,
				BC1A2DA71C0EF909003D9138 /* Info.plist */,
			);
			path = YuePaoBaUITests;
			sourceTree = "<group>";
		};
		BC1A7B1B1C117C920082A2FB /* View */ = {
			isa = PBXGroup;
			children = (
				BC1A7B1C1C117C920082A2FB /* YPBAvatarView.h */,
				BC1A7B1D1C117C920082A2FB /* YPBAvatarView.m */,
				BC6D58D81C22A07F001C2DB1 /* YPBMineProfileCell.h */,
				BC6D58D91C22A07F001C2DB1 /* YPBMineProfileCell.m */,
				BC6D58DB1C22A877001C2DB1 /* YPBProfileActionButton.h */,
				BC6D58DC1C22A877001C2DB1 /* YPBProfileActionButton.m */,
				BC50CE1D1C29385A00CE88DD /* YPBGreetingUserCell.h */,
				BC50CE1E1C29385A00CE88DD /* YPBGreetingUserCell.m */,
			);
			path = View;
			sourceTree = "<group>";
		};
		BC1AED371C0F2ED5003A0C63 /* Controller */ = {
			isa = PBXGroup;
			children = (
				BC1AED411C0F312F003A0C63 /* YPBHomeViewController.h */,
				BC1AED421C0F312F003A0C63 /* YPBHomeViewController.m */,
			);
			path = Controller;
			sourceTree = "<group>";
		};
		BC1AED381C0F303D003A0C63 /* SideMenu */ = {
			isa = PBXGroup;
			children = (
				BC1AED4B1C0F3FB0003A0C63 /* View */,
				BC1AED391C0F304E003A0C63 /* Controller */,
			);
			path = SideMenu;
			sourceTree = "<group>";
		};
		BC1AED391C0F304E003A0C63 /* Controller */ = {
			isa = PBXGroup;
			children = (
				BC1AED3E1C0F30C4003A0C63 /* YPBSideMenuViewController.h */,
				BC1AED3F1C0F30C4003A0C63 /* YPBSideMenuViewController.m */,
			);
			path = Controller;
			sourceTree = "<group>";
		};
		BC1AED3A1C0F307C003A0C63 /* Base */ = {
			isa = PBXGroup;
			children = (
				BC7114A61C1AC3D500C5001A /* View */,
				BC7114A21C1AC3CA00C5001A /* Controller */,
				BC7114A71C1AC3DC00C5001A /* Model */,
			);
			path = Base;
			sourceTree = "<group>";
		};
		BC1AED451C0F35CA003A0C63 /* Utils */ = {
			isa = PBXGroup;
			children = (
				BCD15F151C104B31002B6C5C /* rac_extobjc */,
				BC1AED461C0F35DD003A0C63 /* Extensions */,
				BCD15F1C1C104EAB002B6C5C /* YPBUtil.h */,
				BCD15F1D1C104EAB002B6C5C /* YPBUtil.m */,
				BC7114AB1C1AC60000C5001A /* YPBCommonDef.h */,
				BC303D8B1C1FE7110091093B /* YPBErrorDef.h */,
				BC5874661C279A4900A72274 /* YPBErrorHandler.h */,
				BC5874671C279A4900A72274 /* YPBErrorHandler.m */,
				BC303D8C1C1FE8F70091093B /* YPBMessageCenter.h */,
				BC303D8D1C1FE8F70091093B /* YPBMessageCenter.m */,
			);
			path = Utils;
			sourceTree = "<group>";
		};
		BC1AED461C0F35DD003A0C63 /* Extensions */ = {
			isa = PBXGroup;
			children = (
				BC1A7B221C1183250082A2FB /* YPBExtensions.h */,
				BC1A7B1F1C1182FD0082A2FB /* UIImage+crop.h */,
				BC1A7B201C1182FD0082A2FB /* UIImage+crop.m */,
				BC1AED471C0F360D003A0C63 /* UIColor+hexColor.h */,
				BC1AED481C0F360D003A0C63 /* UIColor+hexColor.m */,
				BCD15F0D1C1032C3002B6C5C /* UIViewController+YPBSideMenu.h */,
				BCD15F0E1C1032C3002B6C5C /* UIViewController+YPBSideMenu.m */,
				BC1A7B231C1185350082A2FB /* UIViewController+BackgroundImage.h */,
				BC1A7B241C1185350082A2FB /* UIViewController+BackgroundImage.m */,
				BC1654B51C25285F00AB1F33 /* NSObject+Properties.h */,
				BC1654B61C25285F00AB1F33 /* NSObject+Properties.m */,
				BC7114AC1C1AD3DB00C5001A /* NSMutableDictionary+Safety.h */,
				BC7114AD1C1AD3DB00C5001A /* NSMutableDictionary+Safety.m */,
				BC1654B81C25290200AB1F33 /* NSDictionary+YPBSign.h */,
				BC1654B91C25290200AB1F33 /* NSDictionary+YPBSign.m */,
				BC1654BB1C25293B00AB1F33 /* NSString+crypt.h */,
				BC1654BC1C25293B00AB1F33 /* NSString+crypt.m */,
				BC58746C1C27FE2F00A72274 /* UIView+Loading.h */,
				BC58746D1C27FE2F00A72274 /* UIView+Loading.m */,
				BC50CE131C28F88C00CE88DD /* UIScrollView+Refresh.h */,
				BC50CE141C28F88C00CE88DD /* UIScrollView+Refresh.m */,
			);
			path = Extensions;
			sourceTree = "<group>";
		};
		BC1AED4B1C0F3FB0003A0C63 /* View */ = {
			isa = PBXGroup;
			children = (
				BC1AED4F1C0F4ADB003A0C63 /* YPBSideMenuCell.h */,
				BC1AED501C0F4ADB003A0C63 /* YPBSideMenuCell.m */,
			);
			path = View;
			sourceTree = "<group>";
		};
		BC1AED521C0F5959003A0C63 /* VIPCenter */ = {
			isa = PBXGroup;
			children = (
				BC1AED531C0F597C003A0C63 /* Controller */,
			);
			path = VIPCenter;
			sourceTree = "<group>";
		};
		BC1AED531C0F597C003A0C63 /* Controller */ = {
			isa = PBXGroup;
			children = (
				BC1AED541C0F59B6003A0C63 /* YPBVIPCenterViewController.h */,
				BC1AED551C0F59B6003A0C63 /* YPBVIPCenterViewController.m */,
			);
			path = Controller;
			sourceTree = "<group>";
		};
		BC1AED571C0F59C6003A0C63 /* Message */ = {
			isa = PBXGroup;
			children = (
				BC1AED581C0F5A1E003A0C63 /* Controller */,
			);
			path = Message;
			sourceTree = "<group>";
		};
		BC1AED581C0F5A1E003A0C63 /* Controller */ = {
			isa = PBXGroup;
			children = (
				BC1AED591C0F5A43003A0C63 /* YPBMessageViewController.h */,
				BC1AED5A1C0F5A43003A0C63 /* YPBMessageViewController.m */,
			);
			path = Controller;
			sourceTree = "<group>";
		};
		BC1AED5C1C0F5A59003A0C63 /* Setting */ = {
			isa = PBXGroup;
			children = (
				BC1AED5D1C0F5A71003A0C63 /* Controller */,
			);
			path = Setting;
			sourceTree = "<group>";
		};
		BC1AED5D1C0F5A71003A0C63 /* Controller */ = {
			isa = PBXGroup;
			children = (
				BC1AED5E1C0F5A8B003A0C63 /* YPBSettingViewController.h */,
				BC1AED5F1C0F5A8B003A0C63 /* YPBSettingViewController.m */,
			);
			path = Controller;
			sourceTree = "<group>";
		};
		BC31B7551C1B2F540043E7EB /* Account */ = {
			isa = PBXGroup;
			children = (
				BC31B7561C1B2F540043E7EB /* Controller */,
				BC6D58D41C228D66001C2DB1 /* Model */,
			);
			path = Account;
			sourceTree = "<group>";
		};
		BC31B7561C1B2F540043E7EB /* Controller */ = {
			isa = PBXGroup;
			children = (
				BC31B75D1C1B3A350043E7EB /* YPBLoginViewController.h */,
				BC31B75E1C1B3A350043E7EB /* YPBLoginViewController.m */,
				BC31B7571C1B2F540043E7EB /* YPBRegisterFirstViewController.h */,
				BC31B7581C1B2F540043E7EB /* YPBRegisterFirstViewController.m */,
				BC31B7591C1B2F540043E7EB /* YPBReigsterSecondViewController.h */,
				BC31B75A1C1B2F540043E7EB /* YPBReigsterSecondViewController.m */,
			);
			path = Controller;
			sourceTree = "<group>";
		};
		BC50CE0F1C28EDCE00CE88DD /* Layout */ = {
			isa = PBXGroup;
			children = (
				BC50CE101C28EE0F00CE88DD /* YPBHomeCollectionViewLayout.h */,
				BC50CE111C28EE0F00CE88DD /* YPBHomeCollectionViewLayout.m */,
			);
			path = Layout;
			sourceTree = "<group>";
		};
		BC50CE161C29157100CE88DD /* View */ = {
			isa = PBXGroup;
			children = (
				BC50CE171C2915A300CE88DD /* YPBHomeCell.h */,
				BC50CE181C2915A300CE88DD /* YPBHomeCell.m */,
			);
			path = View;
			sourceTree = "<group>";
		};
		BC58746F1C2819C500A72274 /* Model */ = {
			isa = PBXGroup;
			children = (
				BC5874701C281A6700A72274 /* YPBUserListModel.h */,
				BC5874711C281A6700A72274 /* YPBUserListModel.m */,
			);
			path = Model;
			sourceTree = "<group>";
		};
		BC6D58D41C228D66001C2DB1 /* Model */ = {
			isa = PBXGroup;
			children = (
				BC6D58D51C228E49001C2DB1 /* YPBUser+Helper.h */,
				BC6D58D61C228E4A001C2DB1 /* YPBUser+Helper.m */,
				BC1654CB1C252E9E00AB1F33 /* YPBActivateModel.h */,
				BC1654CC1C252E9E00AB1F33 /* YPBActivateModel.m */,
				BC5874691C27CB8700A72274 /* YPBRegisterModel.h */,
				BC58746A1C27CB8700A72274 /* YPBRegisterModel.m */,
			);
			path = Model;
			sourceTree = "<group>";
		};
		BC7114A21C1AC3CA00C5001A /* Controller */ = {
			isa = PBXGroup;
			children = (
				BC7114A31C1AC3CA00C5001A /* YPBBaseViewController.h */,
				BC7114A41C1AC3CA00C5001A /* YPBBaseViewController.m */,
				BC7114BA1C1AE87100C5001A /* YPBLayoutViewController.h */,
				BC7114BB1C1AE87100C5001A /* YPBLayoutViewController.m */,
			);
			path = Controller;
			sourceTree = "<group>";
		};
		BC7114A61C1AC3D500C5001A /* View */ = {
			isa = PBXGroup;
			children = (
				BC31B7601C1BC2C20043E7EB /* YPBActionButton.h */,
				BC31B7611C1BC2C20043E7EB /* YPBActionButton.m */,
				BC31B7631C1BD8560043E7EB /* YPBRadioButton.h */,
				BC31B7641C1BD8560043E7EB /* YPBRadioButton.m */,
				BC31B7661C1BEC630043E7EB /* YPBRadioButtonGroup.h */,
				BC31B7671C1BEC630043E7EB /* YPBRadioButtonGroup.m */,
			);
			path = View;
			sourceTree = "<group>";
		};
		BC7114A71C1AC3DC00C5001A /* Model */ = {
			isa = PBXGroup;
			children = (
				BC1654C11C252E3800AB1F33 /* URLModel */,
				BC7114A81C1AC52300C5001A /* YPBUser.h */,
				BC7114A91C1AC52300C5001A /* YPBUser.m */,
				BC5874731C281E9300A72274 /* YPBPaginator.h */,
				BC5874741C281E9300A72274 /* YPBPaginator.m */,
				BC50CE261C293B3200CE88DD /* YPBUserDetailModel.h */,
				BC50CE271C293B3200CE88DD /* YPBUserDetailModel.m */,
			);
			path = Model;
			sourceTree = "<group>";
		};
		BC9A89E31C0EFAB0008816F7 /* Class */ = {
			isa = PBXGroup;
			children = (
				BC1AED451C0F35CA003A0C63 /* Utils */,
				BC1AED3A1C0F307C003A0C63 /* Base */,
				BC31B7551C1B2F540043E7EB /* Account */,
				BC1AED381C0F303D003A0C63 /* SideMenu */,
				BC9A89E41C0EFAC5008816F7 /* Home */,
				BC1AED521C0F5959003A0C63 /* VIPCenter */,
				BC1AED571C0F59C6003A0C63 /* Message */,
				BCD15F101C103A81002B6C5C /* Mine */,
				BC1AED5C1C0F5A59003A0C63 /* Setting */,
			);
			path = Class;
			sourceTree = "<group>";
		};
		BC9A89E41C0EFAC5008816F7 /* Home */ = {
			isa = PBXGroup;
			children = (
				BC50CE161C29157100CE88DD /* View */,
				BC1AED371C0F2ED5003A0C63 /* Controller */,
				BC58746F1C2819C500A72274 /* Model */,
				BC50CE0F1C28EDCE00CE88DD /* Layout */,
			);
			path = Home;
			sourceTree = "<group>";
		};
		BCD15F101C103A81002B6C5C /* Mine */ = {
			isa = PBXGroup;
			children = (
				BC1A7B1B1C117C920082A2FB /* View */,
				BCD15F111C103A95002B6C5C /* Controller */,
			);
			path = Mine;
			sourceTree = "<group>";
		};
		BCD15F111C103A95002B6C5C /* Controller */ = {
			isa = PBXGroup;
			children = (
				BCD15F121C103AB6002B6C5C /* YPBMineViewController.h */,
				BCD15F131C103AB6002B6C5C /* YPBMineViewController.m */,
				BC50CE291C29504A00CE88DD /* YPBUserDetailViewController.h */,
				BC50CE2A1C29504A00CE88DD /* YPBUserDetailViewController.m */,
				BC50CE1A1C29365D00CE88DD /* YPBReceivedGreetingViewController.h */,
				BC50CE1B1C29365D00CE88DD /* YPBReceivedGreetingViewController.m */,
				BC50CE201C2939A600CE88DD /* YPBSentGreetingViewController.h */,
				BC50CE211C2939A600CE88DD /* YPBSentGreetingViewController.m */,
				BC50CE231C2939EF00CE88DD /* YPBAccessedViewController.h */,
				BC50CE241C2939EF00CE88DD /* YPBAccessedViewController.m */,
			);
			path = Controller;
			sourceTree = "<group>";
		};
		BCD15F151C104B31002B6C5C /* rac_extobjc */ = {
			isa = PBXGroup;
			children = (
				BCD15F161C104B31002B6C5C /* RACEXTKeyPathCoding.h */,
				BCD15F171C104B31002B6C5C /* RACEXTRuntimeExtensions.h */,
				BCD15F181C104B31002B6C5C /* RACEXTRuntimeExtensions.m */,
				BCD15F191C104B31002B6C5C /* RACEXTScope.h */,
				BCD15F1A1C104B31002B6C5C /* RACmetamacros.h */,
			);
			path = rac_extobjc;
			sourceTree = "<group>";
		};
		FABA1AE34E8532B321D86B4B /* Pods */ = {
			isa = PBXGroup;
			children = (
				C8725E9D86861D96A4FDD277 /* Pods.debug.xcconfig */,
				4F2CAD2F163D89DC2E23A9C6 /* Pods.release.xcconfig */,
			);
			name = Pods;
			sourceTree = "<group>";
		};
/* End PBXGroup section */

/* Begin PBXNativeTarget section */
		BC1A2D7C1C0EF909003D9138 /* YuePaoBa */ = {
			isa = PBXNativeTarget;
			buildConfigurationList = BC1A2DAA1C0EF909003D9138 /* Build configuration list for PBXNativeTarget "YuePaoBa" */;
			buildPhases = (
				110FC76E00B3DCBA70C86604 /* Check Pods Manifest.lock */,
				BC1A2D791C0EF909003D9138 /* Sources */,
				BC1A2D7A1C0EF909003D9138 /* Frameworks */,
				BC1A2D7B1C0EF909003D9138 /* Resources */,
				FCAD3CAF94BB3E959D049522 /* Embed Pods Frameworks */,
				9096A1D2164BF650C51C0C7D /* Copy Pods Resources */,
			);
			buildRules = (
			);
			dependencies = (
			);
			name = YuePaoBa;
			productName = YuePaoBa;
			productReference = BC1A2D7D1C0EF909003D9138 /* YuePaoBa.app */;
			productType = "com.apple.product-type.application";
		};
		BC1A2D951C0EF909003D9138 /* YuePaoBaTests */ = {
			isa = PBXNativeTarget;
			buildConfigurationList = BC1A2DAD1C0EF909003D9138 /* Build configuration list for PBXNativeTarget "YuePaoBaTests" */;
			buildPhases = (
				BC1A2D921C0EF909003D9138 /* Sources */,
				BC1A2D931C0EF909003D9138 /* Frameworks */,
				BC1A2D941C0EF909003D9138 /* Resources */,
			);
			buildRules = (
			);
			dependencies = (
				BC1A2D981C0EF909003D9138 /* PBXTargetDependency */,
			);
			name = YuePaoBaTests;
			productName = YuePaoBaTests;
			productReference = BC1A2D961C0EF909003D9138 /* YuePaoBaTests.xctest */;
			productType = "com.apple.product-type.bundle.unit-test";
		};
		BC1A2DA01C0EF909003D9138 /* YuePaoBaUITests */ = {
			isa = PBXNativeTarget;
			buildConfigurationList = BC1A2DB01C0EF909003D9138 /* Build configuration list for PBXNativeTarget "YuePaoBaUITests" */;
			buildPhases = (
				BC1A2D9D1C0EF909003D9138 /* Sources */,
				BC1A2D9E1C0EF909003D9138 /* Frameworks */,
				BC1A2D9F1C0EF909003D9138 /* Resources */,
			);
			buildRules = (
			);
			dependencies = (
				BC1A2DA31C0EF909003D9138 /* PBXTargetDependency */,
			);
			name = YuePaoBaUITests;
			productName = YuePaoBaUITests;
			productReference = BC1A2DA11C0EF909003D9138 /* YuePaoBaUITests.xctest */;
			productType = "com.apple.product-type.bundle.ui-testing";
		};
/* End PBXNativeTarget section */

/* Begin PBXProject section */
		BC1A2D751C0EF909003D9138 /* Project object */ = {
			isa = PBXProject;
			attributes = {
				LastUpgradeCheck = 0710;
				ORGANIZATIONNAME = iqu8;
				TargetAttributes = {
					BC1A2D7C1C0EF909003D9138 = {
						CreatedOnToolsVersion = 7.1.1;
						DevelopmentTeam = QQJ9ECA39A;
					};
					BC1A2D951C0EF909003D9138 = {
						CreatedOnToolsVersion = 7.1.1;
						TestTargetID = BC1A2D7C1C0EF909003D9138;
					};
					BC1A2DA01C0EF909003D9138 = {
						CreatedOnToolsVersion = 7.1.1;
						TestTargetID = BC1A2D7C1C0EF909003D9138;
					};
				};
			};
			buildConfigurationList = BC1A2D781C0EF909003D9138 /* Build configuration list for PBXProject "YuePaoBa" */;
			compatibilityVersion = "Xcode 3.2";
			developmentRegion = English;
			hasScannedForEncodings = 0;
			knownRegions = (
				en,
				Base,
			);
			mainGroup = BC1A2D741C0EF909003D9138;
			productRefGroup = BC1A2D7E1C0EF909003D9138 /* Products */;
			projectDirPath = "";
			projectRoot = "";
			targets = (
				BC1A2D7C1C0EF909003D9138 /* YuePaoBa */,
				BC1A2D951C0EF909003D9138 /* YuePaoBaTests */,
				BC1A2DA01C0EF909003D9138 /* YuePaoBaUITests */,
			);
		};
/* End PBXProject section */

/* Begin PBXResourcesBuildPhase section */
		BC1A2D7B1C0EF909003D9138 /* Resources */ = {
			isa = PBXResourcesBuildPhase;
			buildActionMask = 2147483647;
			files = (
				BC1A2D901C0EF909003D9138 /* LaunchScreen.storyboard in Resources */,
				BC1A2D8D1C0EF909003D9138 /* Assets.xcassets in Resources */,
			);
			runOnlyForDeploymentPostprocessing = 0;
		};
		BC1A2D941C0EF909003D9138 /* Resources */ = {
			isa = PBXResourcesBuildPhase;
			buildActionMask = 2147483647;
			files = (
			);
			runOnlyForDeploymentPostprocessing = 0;
		};
		BC1A2D9F1C0EF909003D9138 /* Resources */ = {
			isa = PBXResourcesBuildPhase;
			buildActionMask = 2147483647;
			files = (
			);
			runOnlyForDeploymentPostprocessing = 0;
		};
/* End PBXResourcesBuildPhase section */

/* Begin PBXShellScriptBuildPhase section */
		110FC76E00B3DCBA70C86604 /* Check Pods Manifest.lock */ = {
			isa = PBXShellScriptBuildPhase;
			buildActionMask = 2147483647;
			files = (
			);
			inputPaths = (
			);
			name = "Check Pods Manifest.lock";
			outputPaths = (
			);
			runOnlyForDeploymentPostprocessing = 0;
			shellPath = /bin/sh;
			shellScript = "diff \"${PODS_ROOT}/../Podfile.lock\" \"${PODS_ROOT}/Manifest.lock\" > /dev/null\nif [[ $? != 0 ]] ; then\n    cat << EOM\nerror: The sandbox is not in sync with the Podfile.lock. Run 'pod install' or update your CocoaPods installation.\nEOM\n    exit 1\nfi\n";
			showEnvVarsInLog = 0;
		};
		9096A1D2164BF650C51C0C7D /* Copy Pods Resources */ = {
			isa = PBXShellScriptBuildPhase;
			buildActionMask = 2147483647;
			files = (
			);
			inputPaths = (
			);
			name = "Copy Pods Resources";
			outputPaths = (
			);
			runOnlyForDeploymentPostprocessing = 0;
			shellPath = /bin/sh;
			shellScript = "\"${SRCROOT}/Pods/Target Support Files/Pods/Pods-resources.sh\"\n";
			showEnvVarsInLog = 0;
		};
		FCAD3CAF94BB3E959D049522 /* Embed Pods Frameworks */ = {
			isa = PBXShellScriptBuildPhase;
			buildActionMask = 2147483647;
			files = (
			);
			inputPaths = (
			);
			name = "Embed Pods Frameworks";
			outputPaths = (
			);
			runOnlyForDeploymentPostprocessing = 0;
			shellPath = /bin/sh;
			shellScript = "\"${SRCROOT}/Pods/Target Support Files/Pods/Pods-frameworks.sh\"\n";
			showEnvVarsInLog = 0;
		};
/* End PBXShellScriptBuildPhase section */

/* Begin PBXSourcesBuildPhase section */
		BC1A2D791C0EF909003D9138 /* Sources */ = {
			isa = PBXSourcesBuildPhase;
			buildActionMask = 2147483647;
			files = (
				BC1A2DB51C0EFA4C003D9138 /* YPBAppDelegate.m in Sources */,
				BC5874681C279A4900A72274 /* YPBErrorHandler.m in Sources */,
				BC303D8E1C1FE8F70091093B /* YPBMessageCenter.m in Sources */,
				BC50CE221C2939A600CE88DD /* YPBSentGreetingViewController.m in Sources */,
				BCD15F141C103AB7002B6C5C /* YPBMineViewController.m in Sources */,
				BC1AED511C0F4ADB003A0C63 /* YPBSideMenuCell.m in Sources */,
				BC1654C91C252E6800AB1F33 /* YPBURLRequest.m in Sources */,
				BCD15F0F1C1032C3002B6C5C /* UIViewController+YPBSideMenu.m in Sources */,
				BC50CE151C28F88C00CE88DD /* UIScrollView+Refresh.m in Sources */,
				BC31B7681C1BEC630043E7EB /* YPBRadioButtonGroup.m in Sources */,
				BC31B7651C1BD8560043E7EB /* YPBRadioButton.m in Sources */,
				BC7114A51C1AC3CA00C5001A /* YPBBaseViewController.m in Sources */,
				BC1654C81C252E6800AB1F33 /* YPBEncryptedURLRequest.m in Sources */,
				BC31B75F1C1B3A350043E7EB /* YPBLoginViewController.m in Sources */,
				BC1AED491C0F360D003A0C63 /* UIColor+hexColor.m in Sources */,
				BC58746E1C27FE2F00A72274 /* UIView+Loading.m in Sources */,
				BC1654B71C25285F00AB1F33 /* NSObject+Properties.m in Sources */,
				BC31B7621C1BC2C20043E7EB /* YPBActionButton.m in Sources */,
				BC7114AE1C1AD3DB00C5001A /* NSMutableDictionary+Safety.m in Sources */,
				BC1AED601C0F5A8B003A0C63 /* YPBSettingViewController.m in Sources */,
				BC50CE121C28EE0F00CE88DD /* YPBHomeCollectionViewLayout.m in Sources */,
				BC1654BA1C25290200AB1F33 /* NSDictionary+YPBSign.m in Sources */,
				BC1A2D821C0EF909003D9138 /* main.m in Sources */,
				BC6D58D71C228E4A001C2DB1 /* YPBUser+Helper.m in Sources */,
				BC6D58DA1C22A07F001C2DB1 /* YPBMineProfileCell.m in Sources */,
				BC1A7B1E1C117C920082A2FB /* YPBAvatarView.m in Sources */,
				BCD15F1E1C104EAB002B6C5C /* YPBUtil.m in Sources */,
				BC1654CD1C252E9E00AB1F33 /* YPBActivateModel.m in Sources */,
				BC1A7B211C1182FD0082A2FB /* UIImage+crop.m in Sources */,
				BC1AED401C0F30C4003A0C63 /* YPBSideMenuViewController.m in Sources */,
				BC50CE1F1C29385A00CE88DD /* YPBGreetingUserCell.m in Sources */,
				BC7114BC1C1AE87100C5001A /* YPBLayoutViewController.m in Sources */,
				BC58746B1C27CB8700A72274 /* YPBRegisterModel.m in Sources */,
				BC5874751C281E9300A72274 /* YPBPaginator.m in Sources */,
				BCD15F1B1C104B31002B6C5C /* RACEXTRuntimeExtensions.m in Sources */,
				BC1AED5B1C0F5A43003A0C63 /* YPBMessageViewController.m in Sources */,
				BC1654BD1C25293B00AB1F33 /* NSString+crypt.m in Sources */,
				BC50CE251C2939EF00CE88DD /* YPBAccessedViewController.m in Sources */,
				BC7114AA1C1AC52300C5001A /* YPBUser.m in Sources */,
				BC31B75B1C1B2F540043E7EB /* YPBRegisterFirstViewController.m in Sources */,
				BC5874721C281A6700A72274 /* YPBUserListModel.m in Sources */,
				BC50CE281C293B3200CE88DD /* YPBUserDetailModel.m in Sources */,
				BC1AED561C0F59B6003A0C63 /* YPBVIPCenterViewController.m in Sources */,
				BC50CE2B1C29504A00CE88DD /* YPBUserDetailViewController.m in Sources */,
				BC1AED431C0F312F003A0C63 /* YPBHomeViewController.m in Sources */,
				BC1654CA1C252E6800AB1F33 /* YPBURLResponse.m in Sources */,
				BC6D58DD1C22A877001C2DB1 /* YPBProfileActionButton.m in Sources */,
				BC31B75C1C1B2F540043E7EB /* YPBReigsterSecondViewController.m in Sources */,
				BC1A7B251C1185350082A2FB /* UIViewController+BackgroundImage.m in Sources */,
				BC50CE1C1C29365D00CE88DD /* YPBReceivedGreetingViewController.m in Sources */,
				BC50CE191C2915A300CE88DD /* YPBHomeCell.m in Sources */,
			);
			runOnlyForDeploymentPostprocessing = 0;
		};
		BC1A2D921C0EF909003D9138 /* Sources */ = {
			isa = PBXSourcesBuildPhase;
			buildActionMask = 2147483647;
			files = (
				BC1A2D9B1C0EF909003D9138 /* YuePaoBaTests.m in Sources */,
			);
			runOnlyForDeploymentPostprocessing = 0;
		};
		BC1A2D9D1C0EF909003D9138 /* Sources */ = {
			isa = PBXSourcesBuildPhase;
			buildActionMask = 2147483647;
			files = (
				BC1A2DA61C0EF909003D9138 /* YuePaoBaUITests.m in Sources */,
			);
			runOnlyForDeploymentPostprocessing = 0;
		};
/* End PBXSourcesBuildPhase section */

/* Begin PBXTargetDependency section */
		BC1A2D981C0EF909003D9138 /* PBXTargetDependency */ = {
			isa = PBXTargetDependency;
			target = BC1A2D7C1C0EF909003D9138 /* YuePaoBa */;
			targetProxy = BC1A2D971C0EF909003D9138 /* PBXContainerItemProxy */;
		};
		BC1A2DA31C0EF909003D9138 /* PBXTargetDependency */ = {
			isa = PBXTargetDependency;
			target = BC1A2D7C1C0EF909003D9138 /* YuePaoBa */;
			targetProxy = BC1A2DA21C0EF909003D9138 /* PBXContainerItemProxy */;
		};
/* End PBXTargetDependency section */

/* Begin PBXVariantGroup section */
		BC1A2D8E1C0EF909003D9138 /* LaunchScreen.storyboard */ = {
			isa = PBXVariantGroup;
			children = (
				BC1A2D8F1C0EF909003D9138 /* Base */,
			);
			name = LaunchScreen.storyboard;
			sourceTree = "<group>";
		};
/* End PBXVariantGroup section */

/* Begin XCBuildConfiguration section */
		BC1A2DA81C0EF909003D9138 /* Debug */ = {
			isa = XCBuildConfiguration;
			buildSettings = {
				ALWAYS_SEARCH_USER_PATHS = NO;
				CLANG_CXX_LANGUAGE_STANDARD = "gnu++0x";
				CLANG_CXX_LIBRARY = "libc++";
				CLANG_ENABLE_MODULES = YES;
				CLANG_ENABLE_OBJC_ARC = YES;
				CLANG_WARN_BOOL_CONVERSION = YES;
				CLANG_WARN_CONSTANT_CONVERSION = YES;
				CLANG_WARN_DIRECT_OBJC_ISA_USAGE = YES_ERROR;
				CLANG_WARN_EMPTY_BODY = YES;
				CLANG_WARN_ENUM_CONVERSION = YES;
				CLANG_WARN_INT_CONVERSION = YES;
				CLANG_WARN_OBJC_ROOT_CLASS = YES_ERROR;
				CLANG_WARN_UNREACHABLE_CODE = YES;
				CLANG_WARN__DUPLICATE_METHOD_MATCH = YES;
				CODE_SIGN_IDENTITY = "iPhone Developer";
				"CODE_SIGN_IDENTITY[sdk=iphoneos*]" = "iPhone Developer";
				COPY_PHASE_STRIP = NO;
				DEBUG_INFORMATION_FORMAT = dwarf;
				ENABLE_STRICT_OBJC_MSGSEND = YES;
				ENABLE_TESTABILITY = YES;
				GCC_C_LANGUAGE_STANDARD = gnu99;
				GCC_DYNAMIC_NO_PIC = NO;
				GCC_NO_COMMON_BLOCKS = YES;
				GCC_OPTIMIZATION_LEVEL = 0;
				GCC_PREFIX_HEADER = YuePaoBa/YPBPrefixHeader.pch;
				GCC_PREPROCESSOR_DEFINITIONS = (
					"DEBUG=1",
					"$(inherited)",
				);
				GCC_WARN_64_TO_32_BIT_CONVERSION = YES;
				GCC_WARN_ABOUT_RETURN_TYPE = YES_ERROR;
				GCC_WARN_UNDECLARED_SELECTOR = YES;
				GCC_WARN_UNINITIALIZED_AUTOS = YES_AGGRESSIVE;
				GCC_WARN_UNUSED_FUNCTION = YES;
				GCC_WARN_UNUSED_VARIABLE = YES;
				IPHONEOS_DEPLOYMENT_TARGET = 7.0;
				MTL_ENABLE_DEBUG_INFO = YES;
				ONLY_ACTIVE_ARCH = YES;
				SDKROOT = iphoneos;
			};
			name = Debug;
		};
		BC1A2DA91C0EF909003D9138 /* Release */ = {
			isa = XCBuildConfiguration;
			buildSettings = {
				ALWAYS_SEARCH_USER_PATHS = NO;
				CLANG_CXX_LANGUAGE_STANDARD = "gnu++0x";
				CLANG_CXX_LIBRARY = "libc++";
				CLANG_ENABLE_MODULES = YES;
				CLANG_ENABLE_OBJC_ARC = YES;
				CLANG_WARN_BOOL_CONVERSION = YES;
				CLANG_WARN_CONSTANT_CONVERSION = YES;
				CLANG_WARN_DIRECT_OBJC_ISA_USAGE = YES_ERROR;
				CLANG_WARN_EMPTY_BODY = YES;
				CLANG_WARN_ENUM_CONVERSION = YES;
				CLANG_WARN_INT_CONVERSION = YES;
				CLANG_WARN_OBJC_ROOT_CLASS = YES_ERROR;
				CLANG_WARN_UNREACHABLE_CODE = YES;
				CLANG_WARN__DUPLICATE_METHOD_MATCH = YES;
				CODE_SIGN_IDENTITY = "iPhone Developer";
				"CODE_SIGN_IDENTITY[sdk=iphoneos*]" = "iPhone Developer";
				COPY_PHASE_STRIP = NO;
				DEBUG_INFORMATION_FORMAT = "dwarf-with-dsym";
				ENABLE_NS_ASSERTIONS = NO;
				ENABLE_STRICT_OBJC_MSGSEND = YES;
				GCC_C_LANGUAGE_STANDARD = gnu99;
				GCC_NO_COMMON_BLOCKS = YES;
				GCC_PREFIX_HEADER = YuePaoBa/YPBPrefixHeader.pch;
				GCC_WARN_64_TO_32_BIT_CONVERSION = YES;
				GCC_WARN_ABOUT_RETURN_TYPE = YES_ERROR;
				GCC_WARN_UNDECLARED_SELECTOR = YES;
				GCC_WARN_UNINITIALIZED_AUTOS = YES_AGGRESSIVE;
				GCC_WARN_UNUSED_FUNCTION = YES;
				GCC_WARN_UNUSED_VARIABLE = YES;
				IPHONEOS_DEPLOYMENT_TARGET = 7.0;
				MTL_ENABLE_DEBUG_INFO = NO;
				SDKROOT = iphoneos;
				VALIDATE_PRODUCT = YES;
			};
			name = Release;
		};
		BC1A2DAB1C0EF909003D9138 /* Debug */ = {
			isa = XCBuildConfiguration;
			baseConfigurationReference = C8725E9D86861D96A4FDD277 /* Pods.debug.xcconfig */;
			buildSettings = {
				ASSETCATALOG_COMPILER_APPICON_NAME = AppIcon;
				CODE_SIGN_IDENTITY = "iPhone Developer";
				INFOPLIST_FILE = YuePaoBa/Info.plist;
				LD_RUNPATH_SEARCH_PATHS = "$(inherited) @executable_path/Frameworks";
				PRODUCT_BUNDLE_IDENTIFIER = com.iqu8.yuepaoba;
				PRODUCT_NAME = "$(TARGET_NAME)";
			};
			name = Debug;
		};
		BC1A2DAC1C0EF909003D9138 /* Release */ = {
			isa = XCBuildConfiguration;
			baseConfigurationReference = 4F2CAD2F163D89DC2E23A9C6 /* Pods.release.xcconfig */;
			buildSettings = {
				ASSETCATALOG_COMPILER_APPICON_NAME = AppIcon;
				CODE_SIGN_IDENTITY = "iPhone Developer";
				INFOPLIST_FILE = YuePaoBa/Info.plist;
				LD_RUNPATH_SEARCH_PATHS = "$(inherited) @executable_path/Frameworks";
				PRODUCT_BUNDLE_IDENTIFIER = com.iqu8.yuepaoba;
				PRODUCT_NAME = "$(TARGET_NAME)";
			};
			name = Release;
		};
		BC1A2DAE1C0EF909003D9138 /* Debug */ = {
			isa = XCBuildConfiguration;
			buildSettings = {
				BUNDLE_LOADER = "$(TEST_HOST)";
				INFOPLIST_FILE = YuePaoBaTests/Info.plist;
				LD_RUNPATH_SEARCH_PATHS = "$(inherited) @executable_path/Frameworks @loader_path/Frameworks";
				PRODUCT_BUNDLE_IDENTIFIER = com.iqu8.YuePaoBaTests;
				PRODUCT_NAME = "$(TARGET_NAME)";
				TEST_HOST = "$(BUILT_PRODUCTS_DIR)/YuePaoBa.app/YuePaoBa";
			};
			name = Debug;
		};
		BC1A2DAF1C0EF909003D9138 /* Release */ = {
			isa = XCBuildConfiguration;
			buildSettings = {
				BUNDLE_LOADER = "$(TEST_HOST)";
				INFOPLIST_FILE = YuePaoBaTests/Info.plist;
				LD_RUNPATH_SEARCH_PATHS = "$(inherited) @executable_path/Frameworks @loader_path/Frameworks";
				PRODUCT_BUNDLE_IDENTIFIER = com.iqu8.YuePaoBaTests;
				PRODUCT_NAME = "$(TARGET_NAME)";
				TEST_HOST = "$(BUILT_PRODUCTS_DIR)/YuePaoBa.app/YuePaoBa";
			};
			name = Release;
		};
		BC1A2DB11C0EF909003D9138 /* Debug */ = {
			isa = XCBuildConfiguration;
			buildSettings = {
				INFOPLIST_FILE = YuePaoBaUITests/Info.plist;
				LD_RUNPATH_SEARCH_PATHS = "$(inherited) @executable_path/Frameworks @loader_path/Frameworks";
				PRODUCT_BUNDLE_IDENTIFIER = com.iqu8.YuePaoBaUITests;
				PRODUCT_NAME = "$(TARGET_NAME)";
				TEST_TARGET_NAME = YuePaoBa;
				USES_XCTRUNNER = YES;
			};
			name = Debug;
		};
		BC1A2DB21C0EF909003D9138 /* Release */ = {
			isa = XCBuildConfiguration;
			buildSettings = {
				INFOPLIST_FILE = YuePaoBaUITests/Info.plist;
				LD_RUNPATH_SEARCH_PATHS = "$(inherited) @executable_path/Frameworks @loader_path/Frameworks";
				PRODUCT_BUNDLE_IDENTIFIER = com.iqu8.YuePaoBaUITests;
				PRODUCT_NAME = "$(TARGET_NAME)";
				TEST_TARGET_NAME = YuePaoBa;
				USES_XCTRUNNER = YES;
			};
			name = Release;
		};
/* End XCBuildConfiguration section */

/* Begin XCConfigurationList section */
		BC1A2D781C0EF909003D9138 /* Build configuration list for PBXProject "YuePaoBa" */ = {
			isa = XCConfigurationList;
			buildConfigurations = (
				BC1A2DA81C0EF909003D9138 /* Debug */,
				BC1A2DA91C0EF909003D9138 /* Release */,
			);
			defaultConfigurationIsVisible = 0;
			defaultConfigurationName = Release;
		};
		BC1A2DAA1C0EF909003D9138 /* Build configuration list for PBXNativeTarget "YuePaoBa" */ = {
			isa = XCConfigurationList;
			buildConfigurations = (
				BC1A2DAB1C0EF909003D9138 /* Debug */,
				BC1A2DAC1C0EF909003D9138 /* Release */,
			);
			defaultConfigurationIsVisible = 0;
			defaultConfigurationName = Release;
		};
		BC1A2DAD1C0EF909003D9138 /* Build configuration list for PBXNativeTarget "YuePaoBaTests" */ = {
			isa = XCConfigurationList;
			buildConfigurations = (
				BC1A2DAE1C0EF909003D9138 /* Debug */,
				BC1A2DAF1C0EF909003D9138 /* Release */,
			);
			defaultConfigurationIsVisible = 0;
			defaultConfigurationName = Release;
		};
		BC1A2DB01C0EF909003D9138 /* Build configuration list for PBXNativeTarget "YuePaoBaUITests" */ = {
			isa = XCConfigurationList;
			buildConfigurations = (
				BC1A2DB11C0EF909003D9138 /* Debug */,
				BC1A2DB21C0EF909003D9138 /* Release */,
			);
			defaultConfigurationIsVisible = 0;
			defaultConfigurationName = Release;
		};
/* End XCConfigurationList section */
	};
	rootObject = BC1A2D751C0EF909003D9138 /* Project object */;
}
